{
  "name": "@swift-soul-ui/background-video",
  "version": "0.0.1",
  "lockfileVersion": 1,
  "requires": true,
  "dependencies": {
    "@stencil/core": {
      "version": "1.2.1",
      "resolved": "https://registry.npmjs.org/@stencil/core/-/core-1.2.1.tgz",
      "integrity": "sha512-aXwwWVPsX2nqMXQm4S6zxZAKxYCAuR3VnIHejWJZSUsqhCjeS6TQzNkPEEQy54LGZrTZb9xHYxKmPiakuUpV9Q==",
      "dev": true,
      "requires": {
        "typescript": "3.5.3"
      }
    },
    "objectFitPolyfill": {
      "version": "2.3.0",
      "resolved": "https://registry.npmjs.org/objectFitPolyfill/-/objectFitPolyfill-2.3.0.tgz",
      "integrity": "sha512-VgF98xGs2upBxO6a4FKGEEip5kXQCYpIwrKSDQ6oyFvPAmTrm6nPD/Y/IetoHx62HE6N82hWvc7Tc0evEBkoyA=="
    },
    "typescript": {
      "version": "3.5.3",
      "resolved": "https://registry.npmjs.org/typescript/-/typescript-3.5.3.tgz",
      "integrity": "sha512-ACzBtm/PhXBDId6a6sDJfroT2pOWt/oOnk4/dElG5G33ZL776N3Y6/6bKZJBFpd+b05F3Ct9qDjMeJmRWtE2/g==",
      "dev": true
    }
  }
}
